
Microsoft Visual Studio Solution File, Format Version 12.00
# Visual Studio Version 17
VisualStudioVersion = 17.13.35919.96
MinimumVisualStudioVersion = 10.0.40219.1
Project("{FAE04EC0-301F-11D3-BF4B-00C04F79EFBC}") = "CalculatorMAUI", "CalculatorMAUI\CalculatorMAUI.csproj", "{431A848A-A2A2-4B71-A642-1A602CAA4A43}"
EndProject
Global
	GlobalSection(SolutionConfigurationPlatforms) = preSolution
		Debug|Any CPU = Debug|Any CPU
		Release|Any CPU = Release|Any CPU
	EndGlobalSection
	GlobalSection(ProjectConfigurationPlatforms) = postSolution
		{431A848A-A2A2-4B71-A642-1A602CAA4A43}.Debug|Any CPU.ActiveCfg = Debug|Any CPU
		{431A848A-A2A2-4B71-A642-1A602CAA4A43}.Debug|Any CPU.Build.0 = Debug|Any CPU
		{431A848A-A2A2-4B71-A642-1A602CAA4A43}.Debug|Any CPU.Deploy.0 = Debug|Any CPU
		{431A848A-A2A2-4B71-A642-1A602CAA4A43}.Release|Any CPU.ActiveCfg = Release|Any CPU
		{431A848A-A2A2-4B71-A642-1A602CAA4A43}.Release|Any CPU.Build.0 = Release|Any CPU
	EndGlobalSection
	GlobalSection(SolutionProperties) = preSolution
		HideSolutionNode = FALSE
	EndGlobalSection
	GlobalSection(ExtensibilityGlobals) = postSolution
		SolutionGuid = {F8E17C61-5576-4E30-ADBF-90D154744113}
	EndGlobalSection
EndGlobal
